
Microsoft Visual Studio Solution File, Format Version 12.00
# Visual Studio Version 17
VisualStudioVersion = 17.14.36310.24 d17.14
MinimumVisualStudioVersion = 10.0.40219.1
Project("{8BC9CEB8-8B4A-11D0-8D11-00A0C91BC942}") = "room", "room.vcxproj", "{E559A9BD-A806-4171-8F75-9B1382372B3D}"
EndProject
Global
	GlobalSection(SolutionConfigurationPlatforms) = preSolution
		Debug|x64 = Debug|x64
		Debug|x86 = Debug|x86
		Release|x64 = Release|x64
		Release|x86 = Release|x86
	EndGlobalSection
	GlobalSection(ProjectConfigurationPlatforms) = postSolution
		{E559A9BD-A806-4171-8F75-9B1382372B3D}.Debug|x64.ActiveCfg = Debug|x64
		{E559A9BD-A806-4171-8F75-9B1382372B3D}.Debug|x64.Build.0 = Debug|x64
		{E559A9BD-A806-4171-8F75-9B1382372B3D}.Debug|x86.ActiveCfg = Debug|Win32
		{E559A9BD-A806-4171-8F75-9B1382372B3D}.Debug|x86.Build.0 = Debug|Win32
		{E559A9BD-A806-4171-8F75-9B1382372B3D}.Release|x64.ActiveCfg = Release|x64
		{E559A9BD-A806-4171-8F75-9B1382372B3D}.Release|x64.Build.0 = Release|x64
		{E559A9BD-A806-4171-8F75-9B1382372B3D}.Release|x86.ActiveCfg = Release|Win32
		{E559A9BD-A806-4171-8F75-9B1382372B3D}.Release|x86.Build.0 = Release|Win32
	EndGlobalSection
	GlobalSection(SolutionProperties) = preSolution
		HideSolutionNode = FALSE
	EndGlobalSection
	GlobalSection(ExtensibilityGlobals) = postSolution
		SolutionGuid = {1B2D912A-C6F3-47E2-A257-701C184E10BB}
	EndGlobalSection
EndGlobal
